PODS:
  - WCModule/SDWebImage (0.1.4)
  - WCPlugin (0.1.0):
    - WCPlugin/FLAnimatedImage (= 0.1.0)
    - WCPlugin/MBProgressHUD (= 0.1.0)
  - WCPlugin/FLAnimatedImage (0.1.0):
    - WCModule/SDWebImage
  - WCPlugin/MBProgressHUD (0.1.0)

DEPENDENCIES:
  - WCPlugin (from `../`)

SPEC REPOS:
  https://github.com/cocoapods/specs.git:
    - WCModule

EXTERNAL SOURCES:
  WCPlugin:
    :path: "../"

SPEC CHECKSUMS:
  WCModule: 8be8f032b4ba4265e5d347ce56651bdcb63a9fe8
  WCPlugin: a2f231086fda9df1c857d2cf1c45df214fa99798

PODFILE CHECKSUM: 27bf70277c2da6b475fa62af215b23cc2e6650a1

COCOAPODS: 1.7.5
